// !$*UTF8*$!
{
	archiveVersion = 1;
	classes = {
	};
	objectVersion = 50;
	objects = {

/* Begin PBXBuildFile section */
		6910B22B210C4B8500135457 /* Entry.swift in Sources */ = {isa = PBXBuildFile; fileRef = 6910B22A210C4B8500135457 /* Entry.swift */; };
		6910B233210C57D700135457 /* JournalTests.swift in Sources */ = {isa = PBXBuildFile; fileRef = 6910B232210C57D700135457 /* JournalTests.swift */; };
		699BC3712130E62A001577D1 /* EntryViewViewModel.swift in Sources */ = {isa = PBXBuildFile; fileRef = 699BC3702130E62A001577D1 /* EntryViewViewModel.swift */; };
		699BC3732130E6D1001577D1 /* EntryViewViewModelTests.swift in Sources */ = {isa = PBXBuildFile; fileRef = 699BC3722130E6D1001577D1 /* EntryViewViewModelTests.swift */; };
		699BC3752131014C001577D1 /* TimelineViewViewModel.swift in Sources */ = {isa = PBXBuildFile; fileRef = 699BC3742131014C001577D1 /* TimelineViewViewModel.swift */; };
		699BC37721311BC9001577D1 /* SettingsTableViewController.swift in Sources */ = {isa = PBXBuildFile; fileRef = 699BC37621311BC9001577D1 /* SettingsTableViewController.swift */; };
		699BC37921311D08001577D1 /* SettingsTableViewViewModel.swift in Sources */ = {isa = PBXBuildFile; fileRef = 699BC37821311D08001577D1 /* SettingsTableViewViewModel.swift */; };
		699BC37B21311FCF001577D1 /* Settings.swift in Sources */ = {isa = PBXBuildFile; fileRef = 699BC37A21311FCF001577D1 /* Settings.swift */; };
		699BC37D213131AA001577D1 /* UserDefaultsSettings.swift in Sources */ = {isa = PBXBuildFile; fileRef = 699BC37C213131AA001577D1 /* UserDefaultsSettings.swift */; };
		69A6B8B3211EBF1B004E8C6B /* UIKit+Journal.swift in Sources */ = {isa = PBXBuildFile; fileRef = 69A6B8B2211EBF1B004E8C6B /* UIKit+Journal.swift */; };
		69B8C03C21143B3F0052A28F /* EntryRepository.swift in Sources */ = {isa = PBXBuildFile; fileRef = 69B8C03B21143B3F0052A28F /* EntryRepository.swift */; };
		69B8C0422115408B0052A28F /* Identifiable.swift in Sources */ = {isa = PBXBuildFile; fileRef = 69B8C0412115408B0052A28F /* Identifiable.swift */; };
		69BE79E2213A2056007395C0 /* RealmEntryRepository.swift in Sources */ = {isa = PBXBuildFile; fileRef = 69BE79E1213A2056007395C0 /* RealmEntryRepository.swift */; };
		69BE79E4213A225D007395C0 /* RealmEntry.swift in Sources */ = {isa = PBXBuildFile; fileRef = 69BE79E3213A225D007395C0 /* RealmEntry.swift */; };
		69BE79E6213A54FE007395C0 /* GoogleService-Info.plist in Resources */ = {isa = PBXBuildFile; fileRef = 69BE79E5213A54FE007395C0 /* GoogleService-Info.plist */; };
		69BE79E8213A55D4007395C0 /* FirebaseEntryRepository.swift in Sources */ = {isa = PBXBuildFile; fileRef = 69BE79E7213A55D4007395C0 /* FirebaseEntryRepository.swift */; };
		69D175EB2127AA2B00974BAE /* TimelineViewController.swift in Sources */ = {isa = PBXBuildFile; fileRef = 69D175EA2127AA2B00974BAE /* TimelineViewController.swift */; };
		69D175EF2127B3A500974BAE /* TimelineViewControllerTests.swift in Sources */ = {isa = PBXBuildFile; fileRef = 69D175EE2127B3A500974BAE /* TimelineViewControllerTests.swift */; };
		69D175F12127B62000974BAE /* Environment.swift in Sources */ = {isa = PBXBuildFile; fileRef = 69D175F02127B62000974BAE /* Environment.swift */; };
		69D175F32127EF4800974BAE /* EntryTableViewCell.swift in Sources */ = {isa = PBXBuildFile; fileRef = 69D175F22127EF4800974BAE /* EntryTableViewCell.swift */; };
		69D175F52127F17D00974BAE /* Foundation+Journal.swift in Sources */ = {isa = PBXBuildFile; fileRef = 69D175F42127F17D00974BAE /* Foundation+Journal.swift */; };
		69E215AC2102F1730075C96E /* AppDelegate.swift in Sources */ = {isa = PBXBuildFile; fileRef = 69E215AB2102F1730075C96E /* AppDelegate.swift */; };
		69E215AE2102F1730075C96E /* EntryViewController.swift in Sources */ = {isa = PBXBuildFile; fileRef = 69E215AD2102F1730075C96E /* EntryViewController.swift */; };
		69E215B12102F1730075C96E /* Main.storyboard in Resources */ = {isa = PBXBuildFile; fileRef = 69E215AF2102F1730075C96E /* Main.storyboard */; };
		69E215B32102F1740075C96E /* Assets.xcassets in Resources */ = {isa = PBXBuildFile; fileRef = 69E215B22102F1740075C96E /* Assets.xcassets */; };
		69E215B62102F1740075C96E /* LaunchScreen.storyboard in Resources */ = {isa = PBXBuildFile; fileRef = 69E215B42102F1740075C96E /* LaunchScreen.storyboard */; };
		78F9EC782914E3455C27FD1A /* Pods_JournalTests.framework in Frameworks */ = {isa = PBXBuildFile; fileRef = 59E50C4E552C9DF409E1D18D /* Pods_JournalTests.framework */; };
		B5BD59C6CB202DD2BD566552 /* Pods_Journal.framework in Frameworks */ = {isa = PBXBuildFile; fileRef = C9D31B89C833C148967E3399 /* Pods_Journal.framework */; };
/* End PBXBuildFile section */

/* Begin PBXContainerItemProxy section */
		6910B235210C57D700135457 /* PBXContainerItemProxy */ = {
			isa = PBXContainerItemProxy;
			containerPortal = 69E215A02102F1730075C96E /* Project object */;
			proxyType = 1;
			remoteGlobalIDString = 69E215A72102F1730075C96E;
			remoteInfo = Journal;
		};
/* End PBXContainerItemProxy section */

/* Begin PBXFileReference section */
		59E50C4E552C9DF409E1D18D /* Pods_JournalTests.framework */ = {isa = PBXFileReference; explicitFileType = wrapper.framework; includeInIndex = 0; path = Pods_JournalTests.framework; sourceTree = BUILT_PRODUCTS_DIR; };
		59FA70B66400EDEFFA300FDE /* Pods-Journal.release.xcconfig */ = {isa = PBXFileReference; includeInIndex = 1; lastKnownFileType = text.xcconfig; name = "Pods-Journal.release.xcconfig"; path = "Pods/Target Support Files/Pods-Journal/Pods-Journal.release.xcconfig"; sourceTree = "<group>"; };
		5C8F253A7E49CDAC4C3464CA /* Pods-JournalTests.release.xcconfig */ = {isa = PBXFileReference; includeInIndex = 1; lastKnownFileType = text.xcconfig; name = "Pods-JournalTests.release.xcconfig"; path = "Pods/Target Support Files/Pods-JournalTests/Pods-JournalTests.release.xcconfig"; sourceTree = "<group>"; };
		6910B22A210C4B8500135457 /* Entry.swift */ = {isa = PBXFileReference; lastKnownFileType = sourcecode.swift; path = Entry.swift; sourceTree = "<group>"; };
		6910B230210C57D700135457 /* JournalTests.xctest */ = {isa = PBXFileReference; explicitFileType = wrapper.cfbundle; includeInIndex = 0; path = JournalTests.xctest; sourceTree = BUILT_PRODUCTS_DIR; };
		6910B232210C57D700135457 /* JournalTests.swift */ = {isa = PBXFileReference; lastKnownFileType = sourcecode.swift; path = JournalTests.swift; sourceTree = "<group>"; };
		6910B234210C57D700135457 /* Info.plist */ = {isa = PBXFileReference; lastKnownFileType = text.plist.xml; path = Info.plist; sourceTree = "<group>"; };
		699BC3702130E62A001577D1 /* EntryViewViewModel.swift */ = {isa = PBXFileReference; lastKnownFileType = sourcecode.swift; path = EntryViewViewModel.swift; sourceTree = "<group>"; };
		699BC3722130E6D1001577D1 /* EntryViewViewModelTests.swift */ = {isa = PBXFileReference; lastKnownFileType = sourcecode.swift; path = EntryViewViewModelTests.swift; sourceTree = "<group>"; };
		699BC3742131014C001577D1 /* TimelineViewViewModel.swift */ = {isa = PBXFileReference; lastKnownFileType = sourcecode.swift; path = TimelineViewViewModel.swift; sourceTree = "<group>"; };
		699BC37621311BC9001577D1 /* SettingsTableViewController.swift */ = {isa = PBXFileReference; lastKnownFileType = sourcecode.swift; path = SettingsTableViewController.swift; sourceTree = "<group>"; };
		699BC37821311D08001577D1 /* SettingsTableViewViewModel.swift */ = {isa = PBXFileReference; lastKnownFileType = sourcecode.swift; path = SettingsTableViewViewModel.swift; sourceTree = "<group>"; };
		699BC37A21311FCF001577D1 /* Settings.swift */ = {isa = PBXFileReference; lastKnownFileType = sourcecode.swift; path = Settings.swift; sourceTree = "<group>"; };
		699BC37C213131AA001577D1 /* UserDefaultsSettings.swift */ = {isa = PBXFileReference; lastKnownFileType = sourcecode.swift; path = UserDefaultsSettings.swift; sourceTree = "<group>"; };
		69A6B8B2211EBF1B004E8C6B /* UIKit+Journal.swift */ = {isa = PBXFileReference; lastKnownFileType = sourcecode.swift; path = "UIKit+Journal.swift"; sourceTree = "<group>"; };
		69B8C03B21143B3F0052A28F /* EntryRepository.swift */ = {isa = PBXFileReference; lastKnownFileType = sourcecode.swift; path = EntryRepository.swift; sourceTree = "<group>"; };
		69B8C0412115408B0052A28F /* Identifiable.swift */ = {isa = PBXFileReference; lastKnownFileType = sourcecode.swift; path = Identifiable.swift; sourceTree = "<group>"; };
		69BE79E1213A2056007395C0 /* RealmEntryRepository.swift */ = {isa = PBXFileReference; lastKnownFileType = sourcecode.swift; path = RealmEntryRepository.swift; sourceTree = "<group>"; };
		69BE79E3213A225D007395C0 /* RealmEntry.swift */ = {isa = PBXFileReference; lastKnownFileType = sourcecode.swift; path = RealmEntry.swift; sourceTree = "<group>"; };
		69BE79E5213A54FE007395C0 /* GoogleService-Info.plist */ = {isa = PBXFileReference; fileEncoding = 4; lastKnownFileType = text.plist.xml; path = "GoogleService-Info.plist"; sourceTree = "<group>"; };
		69BE79E7213A55D4007395C0 /* FirebaseEntryRepository.swift */ = {isa = PBXFileReference; lastKnownFileType = sourcecode.swift; path = FirebaseEntryRepository.swift; sourceTree = "<group>"; };
		69D175EA2127AA2B00974BAE /* TimelineViewController.swift */ = {isa = PBXFileReference; lastKnownFileType = sourcecode.swift; path = TimelineViewController.swift; sourceTree = "<group>"; };
		69D175EE2127B3A500974BAE /* TimelineViewControllerTests.swift */ = {isa = PBXFileReference; lastKnownFileType = sourcecode.swift; path = TimelineViewControllerTests.swift; sourceTree = "<group>"; };
		69D175F02127B62000974BAE /* Environment.swift */ = {isa = PBXFileReference; lastKnownFileType = sourcecode.swift; path = Environment.swift; sourceTree = "<group>"; };
		69D175F22127EF4800974BAE /* EntryTableViewCell.swift */ = {isa = PBXFileReference; lastKnownFileType = sourcecode.swift; path = EntryTableViewCell.swift; sourceTree = "<group>"; };
		69D175F42127F17D00974BAE /* Foundation+Journal.swift */ = {isa = PBXFileReference; lastKnownFileType = sourcecode.swift; path = "Foundation+Journal.swift"; sourceTree = "<group>"; };
		69E215A82102F1730075C96E /* Journal.app */ = {isa = PBXFileReference; explicitFileType = wrapper.application; includeInIndex = 0; path = Journal.app; sourceTree = BUILT_PRODUCTS_DIR; };
		69E215AB2102F1730075C96E /* AppDelegate.swift */ = {isa = PBXFileReference; lastKnownFileType = sourcecode.swift; path = AppDelegate.swift; sourceTree = "<group>"; };
		69E215AD2102F1730075C96E /* EntryViewController.swift */ = {isa = PBXFileReference; lastKnownFileType = sourcecode.swift; path = EntryViewController.swift; sourceTree = "<group>"; };
		69E215B02102F1730075C96E /* Base */ = {isa = PBXFileReference; lastKnownFileType = file.storyboard; name = Base; path = Base.lproj/Main.storyboard; sourceTree = "<group>"; };
		69E215B22102F1740075C96E /* Assets.xcassets */ = {isa = PBXFileReference; lastKnownFileType = folder.assetcatalog; path = Assets.xcassets; sourceTree = "<group>"; };
		69E215B52102F1740075C96E /* Base */ = {isa = PBXFileReference; lastKnownFileType = file.storyboard; name = Base; path = Base.lproj/LaunchScreen.storyboard; sourceTree = "<group>"; };
		69E215B72102F1740075C96E /* Info.plist */ = {isa = PBXFileReference; lastKnownFileType = text.plist.xml; path = Info.plist; sourceTree = "<group>"; };
		8243F847C5003E4C4D381BE4 /* Pods-JournalTests.debug.xcconfig */ = {isa = PBXFileReference; includeInIndex = 1; lastKnownFileType = text.xcconfig; name = "Pods-JournalTests.debug.xcconfig"; path = "Pods/Target Support Files/Pods-JournalTests/Pods-JournalTests.debug.xcconfig"; sourceTree = "<group>"; };
		C9D31B89C833C148967E3399 /* Pods_Journal.framework */ = {isa = PBXFileReference; explicitFileType = wrapper.framework; includeInIndex = 0; path = Pods_Journal.framework; sourceTree = BUILT_PRODUCTS_DIR; };
		F3402A4794F18DB4415AEC40 /* Pods-Journal.debug.xcconfig */ = {isa = PBXFileReference; includeInIndex = 1; lastKnownFileType = text.xcconfig; name = "Pods-Journal.debug.xcconfig"; path = "Pods/Target Support Files/Pods-Journal/Pods-Journal.debug.xcconfig"; sourceTree = "<group>"; };
/* End PBXFileReference section */

/* Begin PBXFrameworksBuildPhase section */
		6910B22D210C57D700135457 /* Frameworks */ = {
			isa = PBXFrameworksBuildPhase;
			buildActionMask = 2147483647;
			files = (
				78F9EC782914E3455C27FD1A /* Pods_JournalTests.framework in Frameworks */,
			);
			runOnlyForDeploymentPostprocessing = 0;
		};
		69E215A52102F1730075C96E /* Frameworks */ = {
			isa = PBXFrameworksBuildPhase;
			buildActionMask = 2147483647;
			files = (
				B5BD59C6CB202DD2BD566552 /* Pods_Journal.framework in Frameworks */,
			);
			runOnlyForDeploymentPostprocessing = 0;
		};
/* End PBXFrameworksBuildPhase section */

/* Begin PBXGroup section */
		6439FC620AF0717122625F3B /* Frameworks */ = {
			isa = PBXGroup;
			children = (
				C9D31B89C833C148967E3399 /* Pods_Journal.framework */,
				59E50C4E552C9DF409E1D18D /* Pods_JournalTests.framework */,
			);
			name = Frameworks;
			sourceTree = "<group>";
		};
		6910B229210C4B4900135457 /* Model */ = {
			isa = PBXGroup;
			children = (
				6910B22A210C4B8500135457 /* Entry.swift */,
				69BE79E3213A225D007395C0 /* RealmEntry.swift */,
				69B8C03B21143B3F0052A28F /* EntryRepository.swift */,
				69BE79E1213A2056007395C0 /* RealmEntryRepository.swift */,
				69BE79E7213A55D4007395C0 /* FirebaseEntryRepository.swift */,
				699BC37A21311FCF001577D1 /* Settings.swift */,
				699BC37C213131AA001577D1 /* UserDefaultsSettings.swift */,
			);
			path = Model;
			sourceTree = "<group>";
		};
		6910B231210C57D700135457 /* JournalTests */ = {
			isa = PBXGroup;
			children = (
				6910B232210C57D700135457 /* JournalTests.swift */,
				69D175EE2127B3A500974BAE /* TimelineViewControllerTests.swift */,
				699BC3722130E6D1001577D1 /* EntryViewViewModelTests.swift */,
				6910B234210C57D700135457 /* Info.plist */,
			);
			path = JournalTests;
			sourceTree = "<group>";
		};
		69E2159F2102F1730075C96E = {
			isa = PBXGroup;
			children = (
				69E215AA2102F1730075C96E /* Journal */,
				6910B231210C57D700135457 /* JournalTests */,
				69E215A92102F1730075C96E /* Products */,
				D168BD4B3088106E74F372BF /* Pods */,
				6439FC620AF0717122625F3B /* Frameworks */,
			);
			sourceTree = "<group>";
		};
		69E215A92102F1730075C96E /* Products */ = {
			isa = PBXGroup;
			children = (
				69E215A82102F1730075C96E /* Journal.app */,
				6910B230210C57D700135457 /* JournalTests.xctest */,
			);
			name = Products;
			sourceTree = "<group>";
		};
		69E215AA2102F1730075C96E /* Journal */ = {
			isa = PBXGroup;
			children = (
				69E215BD210304AB0075C96E /* Sources */,
				69E215BE210304CD0075C96E /* Storyboards */,
				69E215BF210304D90075C96E /* Resources */,
			);
			path = Journal;
			sourceTree = "<group>";
		};
		69E215BD210304AB0075C96E /* Sources */ = {
			isa = PBXGroup;
			children = (
				69E215C1210305080075C96E /* Shared */,
				6910B229210C4B4900135457 /* Model */,
				69E215C0210304EE0075C96E /* Controllers */,
			);
			path = Sources;
			sourceTree = "<group>";
		};
		69E215BE210304CD0075C96E /* Storyboards */ = {
			isa = PBXGroup;
			children = (
				69E215AF2102F1730075C96E /* Main.storyboard */,
				69E215B42102F1740075C96E /* LaunchScreen.storyboard */,
			);
			path = Storyboards;
			sourceTree = "<group>";
		};
		69E215BF210304D90075C96E /* Resources */ = {
			isa = PBXGroup;
			children = (
				69E215B22102F1740075C96E /* Assets.xcassets */,
				69E215B72102F1740075C96E /* Info.plist */,
				69BE79E5213A54FE007395C0 /* GoogleService-Info.plist */,
			);
			path = Resources;
			sourceTree = "<group>";
		};
		69E215C0210304EE0075C96E /* Controllers */ = {
			isa = PBXGroup;
			children = (
				69E215AD2102F1730075C96E /* EntryViewController.swift */,
				699BC3702130E62A001577D1 /* EntryViewViewModel.swift */,
				69D175EA2127AA2B00974BAE /* TimelineViewController.swift */,
				699BC3742131014C001577D1 /* TimelineViewViewModel.swift */,
				69D175F22127EF4800974BAE /* EntryTableViewCell.swift */,
				699BC37621311BC9001577D1 /* SettingsTableViewController.swift */,
				699BC37821311D08001577D1 /* SettingsTableViewViewModel.swift */,
			);
			path = Controllers;
			sourceTree = "<group>";
		};
		69E215C1210305080075C96E /* Shared */ = {
			isa = PBXGroup;
			children = (
				69E215AB2102F1730075C96E /* AppDelegate.swift */,
				69B8C0412115408B0052A28F /* Identifiable.swift */,
				69A6B8B2211EBF1B004E8C6B /* UIKit+Journal.swift */,
				69D175F42127F17D00974BAE /* Foundation+Journal.swift */,
				69D175F02127B62000974BAE /* Environment.swift */,
			);
			path = Shared;
			sourceTree = "<group>";
		};
		D168BD4B3088106E74F372BF /* Pods */ = {
			isa = PBXGroup;
			children = (
				F3402A4794F18DB4415AEC40 /* Pods-Journal.debug.xcconfig */,
				59FA70B66400EDEFFA300FDE /* Pods-Journal.release.xcconfig */,
				8243F847C5003E4C4D381BE4 /* Pods-JournalTests.debug.xcconfig */,
				5C8F253A7E49CDAC4C3464CA /* Pods-JournalTests.release.xcconfig */,
			);
			name = Pods;
			sourceTree = "<group>";
		};
/* End PBXGroup section */

/* Begin PBXNativeTarget section */
		6910B22F210C57D700135457 /* JournalTests */ = {
			isa = PBXNativeTarget;
			buildConfigurationList = 6910B239210C57D700135457 /* Build configuration list for PBXNativeTarget "JournalTests" */;
			buildPhases = (
				7C13B46B2A79BB0AE37A00BC /* [CP] Check Pods Manifest.lock */,
				6910B22C210C57D700135457 /* Sources */,
				6910B22D210C57D700135457 /* Frameworks */,
				6910B22E210C57D700135457 /* Resources */,
				1E415B4D8581D534F072125C /* [CP] Embed Pods Frameworks */,
			);
			buildRules = (
			);
			dependencies = (
				6910B236210C57D700135457 /* PBXTargetDependency */,
			);
			name = JournalTests;
			productName = JournalTests;
			productReference = 6910B230210C57D700135457 /* JournalTests.xctest */;
			productType = "com.apple.product-type.bundle.unit-test";
		};
		69E215A72102F1730075C96E /* Journal */ = {
			isa = PBXNativeTarget;
			buildConfigurationList = 69E215BA2102F1740075C96E /* Build configuration list for PBXNativeTarget "Journal" */;
			buildPhases = (
				2919B733867EA560C140083B /* [CP] Check Pods Manifest.lock */,
				69E215A42102F1730075C96E /* Sources */,
				69E215A52102F1730075C96E /* Frameworks */,
				69E215A62102F1730075C96E /* Resources */,
				579BE0E4FA43143C57F38830 /* [CP] Embed Pods Frameworks */,
			);
			buildRules = (
			);
			dependencies = (
			);
			name = Journal;
			productName = Journal;
			productReference = 69E215A82102F1730075C96E /* Journal.app */;
			productType = "com.apple.product-type.application";
		};
/* End PBXNativeTarget section */

/* Begin PBXProject section */
		69E215A02102F1730075C96E /* Project object */ = {
			isa = PBXProject;
			attributes = {
				LastSwiftUpdateCheck = 0940;
				LastUpgradeCheck = 0940;
				ORGANIZATIONNAME = "Jinseo Yoon";
				TargetAttributes = {
					6910B22F210C57D700135457 = {
						CreatedOnToolsVersion = 9.4.1;
						TestTargetID = 69E215A72102F1730075C96E;
					};
					69E215A72102F1730075C96E = {
						CreatedOnToolsVersion = 9.4.1;
					};
				};
			};
			buildConfigurationList = 69E215A32102F1730075C96E /* Build configuration list for PBXProject "Journal" */;
			compatibilityVersion = "Xcode 9.3";
			developmentRegion = en;
			hasScannedForEncodings = 0;
			knownRegions = (
				en,
				Base,
			);
			mainGroup = 69E2159F2102F1730075C96E;
			productRefGroup = 69E215A92102F1730075C96E /* Products */;
			projectDirPath = "";
			projectRoot = "";
			targets = (
				69E215A72102F1730075C96E /* Journal */,
				6910B22F210C57D700135457 /* JournalTests */,
			);
		};
/* End PBXProject section */

/* Begin PBXResourcesBuildPhase section */
		6910B22E210C57D700135457 /* Resources */ = {
			isa = PBXResourcesBuildPhase;
			buildActionMask = 2147483647;
			files = (
			);
			runOnlyForDeploymentPostprocessing = 0;
		};
		69E215A62102F1730075C96E /* Resources */ = {
			isa = PBXResourcesBuildPhase;
			buildActionMask = 2147483647;
			files = (
				69E215B62102F1740075C96E /* LaunchScreen.storyboard in Resources */,
				69E215B32102F1740075C96E /* Assets.xcassets in Resources */,
				69E215B12102F1730075C96E /* Main.storyboard in Resources */,
				69BE79E6213A54FE007395C0 /* GoogleService-Info.plist in Resources */,
			);
			runOnlyForDeploymentPostprocessing = 0;
		};
/* End PBXResourcesBuildPhase section */

/* Begin PBXShellScriptBuildPhase section */
		1E415B4D8581D534F072125C /* [CP] Embed Pods Frameworks */ = {
			isa = PBXShellScriptBuildPhase;
			buildActionMask = 2147483647;
			files = (
			);
			inputPaths = (
				"${SRCROOT}/Pods/Target Support Files/Pods-JournalTests/Pods-JournalTests-frameworks.sh",
				"${BUILT_PRODUCTS_DIR}/Nimble/Nimble.framework",
			);
			name = "[CP] Embed Pods Frameworks";
			outputPaths = (
				"${TARGET_BUILD_DIR}/${FRAMEWORKS_FOLDER_PATH}/Nimble.framework",
			);
			runOnlyForDeploymentPostprocessing = 0;
			shellPath = /bin/sh;
			shellScript = "\"${SRCROOT}/Pods/Target Support Files/Pods-JournalTests/Pods-JournalTests-frameworks.sh\"\n";
			showEnvVarsInLog = 0;
		};
		2919B733867EA560C140083B /* [CP] Check Pods Manifest.lock */ = {
			isa = PBXShellScriptBuildPhase;
			buildActionMask = 2147483647;
			files = (
			);
			inputPaths = (
				"${PODS_PODFILE_DIR_PATH}/Podfile.lock",
				"${PODS_ROOT}/Manifest.lock",
			);
			name = "[CP] Check Pods Manifest.lock";
			outputPaths = (
				"$(DERIVED_FILE_DIR)/Pods-Journal-checkManifestLockResult.txt",
			);
			runOnlyForDeploymentPostprocessing = 0;
			shellPath = /bin/sh;
			shellScript = "diff \"${PODS_PODFILE_DIR_PATH}/Podfile.lock\" \"${PODS_ROOT}/Manifest.lock\" > /dev/null\nif [ $? != 0 ] ; then\n    # print error to STDERR\n    echo \"error: The sandbox is not in sync with the Podfile.lock. Run 'pod install' or update your CocoaPods installation.\" >&2\n    exit 1\nfi\n# This output is used by Xcode 'outputs' to avoid re-running this script phase.\necho \"SUCCESS\" > \"${SCRIPT_OUTPUT_FILE_0}\"\n";
			showEnvVarsInLog = 0;
		};
		579BE0E4FA43143C57F38830 /* [CP] Embed Pods Frameworks */ = {
			isa = PBXShellScriptBuildPhase;
			buildActionMask = 2147483647;
			files = (
			);
			inputPaths = (
				"${SRCROOT}/Pods/Target Support Files/Pods-Journal/Pods-Journal-frameworks.sh",
				"${BUILT_PRODUCTS_DIR}/GoogleToolboxForMac/GoogleToolboxForMac.framework",
				"${BUILT_PRODUCTS_DIR}/Realm/Realm.framework",
				"${BUILT_PRODUCTS_DIR}/RealmSwift/RealmSwift.framework",
				"${BUILT_PRODUCTS_DIR}/RxCocoa/RxCocoa.framework",
				"${BUILT_PRODUCTS_DIR}/RxSwift/RxSwift.framework",
				"${BUILT_PRODUCTS_DIR}/SnapKit/SnapKit.framework",
				"${BUILT_PRODUCTS_DIR}/leveldb-library/leveldb.framework",
				"${BUILT_PRODUCTS_DIR}/nanopb/nanopb.framework",
			);
			name = "[CP] Embed Pods Frameworks";
			outputPaths = (
				"${TARGET_BUILD_DIR}/${FRAMEWORKS_FOLDER_PATH}/GoogleToolboxForMac.framework",
				"${TARGET_BUILD_DIR}/${FRAMEWORKS_FOLDER_PATH}/Realm.framework",
				"${TARGET_BUILD_DIR}/${FRAMEWORKS_FOLDER_PATH}/RealmSwift.framework",
				"${TARGET_BUILD_DIR}/${FRAMEWORKS_FOLDER_PATH}/RxCocoa.framework",
				"${TARGET_BUILD_DIR}/${FRAMEWORKS_FOLDER_PATH}/RxSwift.framework",
				"${TARGET_BUILD_DIR}/${FRAMEWORKS_FOLDER_PATH}/SnapKit.framework",
				"${TARGET_BUILD_DIR}/${FRAMEWORKS_FOLDER_PATH}/leveldb.framework",
				"${TARGET_BUILD_DIR}/${FRAMEWORKS_FOLDER_PATH}/nanopb.framework",
			);
			runOnlyForDeploymentPostprocessing = 0;
			shellPath = /bin/sh;
			shellScript = "\"${SRCROOT}/Pods/Target Support Files/Pods-Journal/Pods-Journal-frameworks.sh\"\n";
			showEnvVarsInLog = 0;
		};
		7C13B46B2A79BB0AE37A00BC /* [CP] Check Pods Manifest.lock */ = {
			isa = PBXShellScriptBuildPhase;
			buildActionMask = 2147483647;
			files = (
			);
			inputPaths = (
				"${PODS_PODFILE_DIR_PATH}/Podfile.lock",
				"${PODS_ROOT}/Manifest.lock",
			);
			name = "[CP] Check Pods Manifest.lock";
			outputPaths = (
				"$(DERIVED_FILE_DIR)/Pods-JournalTests-checkManifestLockResult.txt",
			);
			runOnlyForDeploymentPostprocessing = 0;
			shellPath = /bin/sh;
			shellScript = "diff \"${PODS_PODFILE_DIR_PATH}/Podfile.lock\" \"${PODS_ROOT}/Manifest.lock\" > /dev/null\nif [ $? != 0 ] ; then\n    # print error to STDERR\n    echo \"error: The sandbox is not in sync with the Podfile.lock. Run 'pod install' or update your CocoaPods installation.\" >&2\n    exit 1\nfi\n# This output is used by Xcode 'outputs' to avoid re-running this script phase.\necho \"SUCCESS\" > \"${SCRIPT_OUTPUT_FILE_0}\"\n";
			showEnvVarsInLog = 0;
		};
/* End PBXShellScriptBuildPhase section */

/* Begin PBXSourcesBuildPhase section */
		6910B22C210C57D700135457 /* Sources */ = {
			isa = PBXSourcesBuildPhase;
			buildActionMask = 2147483647;
			files = (
				6910B233210C57D700135457 /* JournalTests.swift in Sources */,
				69D175EF2127B3A500974BAE /* TimelineViewControllerTests.swift in Sources */,
				699BC3732130E6D1001577D1 /* EntryViewViewModelTests.swift in Sources */,
			);
			runOnlyForDeploymentPostprocessing = 0;
		};
		69E215A42102F1730075C96E /* Sources */ = {
			isa = PBXSourcesBuildPhase;
			buildActionMask = 2147483647;
			files = (
				69D175F52127F17D00974BAE /* Foundation+Journal.swift in Sources */,
				699BC37721311BC9001577D1 /* SettingsTableViewController.swift in Sources */,
				6910B22B210C4B8500135457 /* Entry.swift in Sources */,
				69D175F12127B62000974BAE /* Environment.swift in Sources */,
				69BE79E8213A55D4007395C0 /* FirebaseEntryRepository.swift in Sources */,
				69E215AE2102F1730075C96E /* EntryViewController.swift in Sources */,
				699BC3712130E62A001577D1 /* EntryViewViewModel.swift in Sources */,
				69BE79E4213A225D007395C0 /* RealmEntry.swift in Sources */,
				69E215AC2102F1730075C96E /* AppDelegate.swift in Sources */,
				69B8C0422115408B0052A28F /* Identifiable.swift in Sources */,
				69BE79E2213A2056007395C0 /* RealmEntryRepository.swift in Sources */,
				69D175EB2127AA2B00974BAE /* TimelineViewController.swift in Sources */,
				699BC37B21311FCF001577D1 /* Settings.swift in Sources */,
				699BC3752131014C001577D1 /* TimelineViewViewModel.swift in Sources */,
				699BC37921311D08001577D1 /* SettingsTableViewViewModel.swift in Sources */,
				69D175F32127EF4800974BAE /* EntryTableViewCell.swift in Sources */,
				699BC37D213131AA001577D1 /* UserDefaultsSettings.swift in Sources */,
				69A6B8B3211EBF1B004E8C6B /* UIKit+Journal.swift in Sources */,
				69B8C03C21143B3F0052A28F /* EntryRepository.swift in Sources */,
			);
			runOnlyForDeploymentPostprocessing = 0;
		};
/* End PBXSourcesBuildPhase section */

/* Begin PBXTargetDependency section */
		6910B236210C57D700135457 /* PBXTargetDependency */ = {
			isa = PBXTargetDependency;
			target = 69E215A72102F1730075C96E /* Journal */;
			targetProxy = 6910B235210C57D700135457 /* PBXContainerItemProxy */;
		};
/* End PBXTargetDependency section */

/* Begin PBXVariantGroup section */
		69E215AF2102F1730075C96E /* Main.storyboard */ = {
			isa = PBXVariantGroup;
			children = (
				69E215B02102F1730075C96E /* Base */,
			);
			name = Main.storyboard;
			sourceTree = "<group>";
		};
		69E215B42102F1740075C96E /* LaunchScreen.storyboard */ = {
			isa = PBXVariantGroup;
			children = (
				69E215B52102F1740075C96E /* Base */,
			);
			name = LaunchScreen.storyboard;
			sourceTree = "<group>";
		};
/* End PBXVariantGroup section */

/* Begin XCBuildConfiguration section */
		6910B237210C57D700135457 /* Debug */ = {
			isa = XCBuildConfiguration;
			baseConfigurationReference = 8243F847C5003E4C4D381BE4 /* Pods-JournalTests.debug.xcconfig */;
			buildSettings = {
				BUNDLE_LOADER = "$(TEST_HOST)";
				CODE_SIGN_STYLE = Automatic;
				DEVELOPMENT_TEAM = "";
				INFOPLIST_FILE = JournalTests/Info.plist;
				LD_RUNPATH_SEARCH_PATHS = (
					"$(inherited)",
					"@executable_path/Frameworks",
					"@loader_path/Frameworks",
				);
				PRODUCT_BUNDLE_IDENTIFIER = jinseo.yoon.JournalTests;
				PRODUCT_NAME = "$(TARGET_NAME)";
				SWIFT_VERSION = 4.0;
				TARGETED_DEVICE_FAMILY = "1,2";
				TEST_HOST = "$(BUILT_PRODUCTS_DIR)/Journal.app/Journal";
			};
			name = Debug;
		};
		6910B238210C57D700135457 /* Release */ = {
			isa = XCBuildConfiguration;
			baseConfigurationReference = 5C8F253A7E49CDAC4C3464CA /* Pods-JournalTests.release.xcconfig */;
			buildSettings = {
				BUNDLE_LOADER = "$(TEST_HOST)";
				CODE_SIGN_STYLE = Automatic;
				DEVELOPMENT_TEAM = "";
				INFOPLIST_FILE = JournalTests/Info.plist;
				LD_RUNPATH_SEARCH_PATHS = (
					"$(inherited)",
					"@executable_path/Frameworks",
					"@loader_path/Frameworks",
				);
				PRODUCT_BUNDLE_IDENTIFIER = jinseo.yoon.JournalTests;
				PRODUCT_NAME = "$(TARGET_NAME)";
				SWIFT_VERSION = 4.0;
				TARGETED_DEVICE_FAMILY = "1,2";
				TEST_HOST = "$(BUILT_PRODUCTS_DIR)/Journal.app/Journal";
			};
			name = Release;
		};
		69E215B82102F1740075C96E /* Debug */ = {
			isa = XCBuildConfiguration;
			buildSettings = {
				ALWAYS_SEARCH_USER_PATHS = NO;
				CLANG_ANALYZER_NONNULL = YES;
				CLANG_ANALYZER_NUMBER_OBJECT_CONVERSION = YES_AGGRESSIVE;
				CLANG_CXX_LANGUAGE_STANDARD = "gnu++14";
				CLANG_CXX_LIBRARY = "libc++";
				CLANG_ENABLE_MODULES = YES;
				CLANG_ENABLE_OBJC_ARC = YES;
				CLANG_ENABLE_OBJC_WEAK = YES;
				CLANG_WARN_BLOCK_CAPTURE_AUTORELEASING = YES;
				CLANG_WARN_BOOL_CONVERSION = YES;
				CLANG_WARN_COMMA = YES;
				CLANG_WARN_CONSTANT_CONVERSION = YES;
				CLANG_WARN_DEPRECATED_OBJC_IMPLEMENTATIONS = YES;
				CLANG_WARN_DIRECT_OBJC_ISA_USAGE = YES_ERROR;
				CLANG_WARN_DOCUMENTATION_COMMENTS = YES;
				CLANG_WARN_EMPTY_BODY = YES;
				CLANG_WARN_ENUM_CONVERSION = YES;
				CLANG_WARN_INFINITE_RECURSION = YES;
				CLANG_WARN_INT_CONVERSION = YES;
				CLANG_WARN_NON_LITERAL_NULL_CONVERSION = YES;
				CLANG_WARN_OBJC_IMPLICIT_RETAIN_SELF = YES;
				CLANG_WARN_OBJC_LITERAL_CONVERSION = YES;
				CLANG_WARN_OBJC_ROOT_CLASS = YES_ERROR;
				CLANG_WARN_RANGE_LOOP_ANALYSIS = YES;
				CLANG_WARN_STRICT_PROTOTYPES = YES;
				CLANG_WARN_SUSPICIOUS_MOVE = YES;
				CLANG_WARN_UNGUARDED_AVAILABILITY = YES_AGGRESSIVE;
				CLANG_WARN_UNREACHABLE_CODE = YES;
				CLANG_WARN__DUPLICATE_METHOD_MATCH = YES;
				CODE_SIGN_IDENTITY = "iPhone Developer";
				COPY_PHASE_STRIP = NO;
				DEBUG_INFORMATION_FORMAT = dwarf;
				ENABLE_STRICT_OBJC_MSGSEND = YES;
				ENABLE_TESTABILITY = YES;
				GCC_C_LANGUAGE_STANDARD = gnu11;
				GCC_DYNAMIC_NO_PIC = NO;
				GCC_NO_COMMON_BLOCKS = YES;
				GCC_OPTIMIZATION_LEVEL = 0;
				GCC_PREPROCESSOR_DEFINITIONS = (
					"DEBUG=1",
					"$(inherited)",
				);
				GCC_WARN_64_TO_32_BIT_CONVERSION = YES;
				GCC_WARN_ABOUT_RETURN_TYPE = YES_ERROR;
				GCC_WARN_UNDECLARED_SELECTOR = YES;
				GCC_WARN_UNINITIALIZED_AUTOS = YES_AGGRESSIVE;
				GCC_WARN_UNUSED_FUNCTION = YES;
				GCC_WARN_UNUSED_VARIABLE = YES;
				IPHONEOS_DEPLOYMENT_TARGET = 11.4;
				MTL_ENABLE_DEBUG_INFO = YES;
				ONLY_ACTIVE_ARCH = YES;
				SDKROOT = iphoneos;
				SWIFT_ACTIVE_COMPILATION_CONDITIONS = DEBUG;
				SWIFT_OPTIMIZATION_LEVEL = "-Onone";
			};
			name = Debug;
		};
		69E215B92102F1740075C96E /* Release */ = {
			isa = XCBuildConfiguration;
			buildSettings = {
				ALWAYS_SEARCH_USER_PATHS = NO;
				CLANG_ANALYZER_NONNULL = YES;
				CLANG_ANALYZER_NUMBER_OBJECT_CONVERSION = YES_AGGRESSIVE;
				CLANG_CXX_LANGUAGE_STANDARD = "gnu++14";
				CLANG_CXX_LIBRARY = "libc++";
				CLANG_ENABLE_MODULES = YES;
				CLANG_ENABLE_OBJC_ARC = YES;
				CLANG_ENABLE_OBJC_WEAK = YES;
				CLANG_WARN_BLOCK_CAPTURE_AUTORELEASING = YES;
				CLANG_WARN_BOOL_CONVERSION = YES;
				CLANG_WARN_COMMA = YES;
				CLANG_WARN_CONSTANT_CONVERSION = YES;
				CLANG_WARN_DEPRECATED_OBJC_IMPLEMENTATIONS = YES;
				CLANG_WARN_DIRECT_OBJC_ISA_USAGE = YES_ERROR;
				CLANG_WARN_DOCUMENTATION_COMMENTS = YES;
				CLANG_WARN_EMPTY_BODY = YES;
				CLANG_WARN_ENUM_CONVERSION = YES;
				CLANG_WARN_INFINITE_RECURSION = YES;
				CLANG_WARN_INT_CONVERSION = YES;
				CLANG_WARN_NON_LITERAL_NULL_CONVERSION = YES;
				CLANG_WARN_OBJC_IMPLICIT_RETAIN_SELF = YES;
				CLANG_WARN_OBJC_LITERAL_CONVERSION = YES;
				CLANG_WARN_OBJC_ROOT_CLASS = YES_ERROR;
				CLANG_WARN_RANGE_LOOP_ANALYSIS = YES;
				CLANG_WARN_STRICT_PROTOTYPES = YES;
				CLANG_WARN_SUSPICIOUS_MOVE = YES;
				CLANG_WARN_UNGUARDED_AVAILABILITY = YES_AGGRESSIVE;
				CLANG_WARN_UNREACHABLE_CODE = YES;
				CLANG_WARN__DUPLICATE_METHOD_MATCH = YES;
				CODE_SIGN_IDENTITY = "iPhone Developer";
				COPY_PHASE_STRIP = NO;
				DEBUG_INFORMATION_FORMAT = "dwarf-with-dsym";
				ENABLE_NS_ASSERTIONS = NO;
				ENABLE_STRICT_OBJC_MSGSEND = YES;
				GCC_C_LANGUAGE_STANDARD = gnu11;
				GCC_NO_COMMON_BLOCKS = YES;
				GCC_WARN_64_TO_32_BIT_CONVERSION = YES;
				GCC_WARN_ABOUT_RETURN_TYPE = YES_ERROR;
				GCC_WARN_UNDECLARED_SELECTOR = YES;
				GCC_WARN_UNINITIALIZED_AUTOS = YES_AGGRESSIVE;
				GCC_WARN_UNUSED_FUNCTION = YES;
				GCC_WARN_UNUSED_VARIABLE = YES;
				IPHONEOS_DEPLOYMENT_TARGET = 11.4;
				MTL_ENABLE_DEBUG_INFO = NO;
				SDKROOT = iphoneos;
				SWIFT_COMPILATION_MODE = wholemodule;
				SWIFT_OPTIMIZATION_LEVEL = "-O";
				VALIDATE_PRODUCT = YES;
			};
			name = Release;
		};
		69E215BB2102F1740075C96E /* Debug */ = {
			isa = XCBuildConfiguration;
			baseConfigurationReference = F3402A4794F18DB4415AEC40 /* Pods-Journal.debug.xcconfig */;
			buildSettings = {
				ASSETCATALOG_COMPILER_APPICON_NAME = AppIcon;
				CODE_SIGN_STYLE = Automatic;
				DEVELOPMENT_TEAM = "";
				INFOPLIST_FILE = "$(SRCROOT)/Journal/Resources/Info.plist";
				LD_RUNPATH_SEARCH_PATHS = (
					"$(inherited)",
					"@executable_path/Frameworks",
				);
				PRODUCT_BUNDLE_IDENTIFIER = jinseo.yoon.Journal;
				PRODUCT_NAME = "$(TARGET_NAME)";
				SWIFT_VERSION = 4.0;
				TARGETED_DEVICE_FAMILY = "1,2";
			};
			name = Debug;
		};
		69E215BC2102F1740075C96E /* Release */ = {
			isa = XCBuildConfiguration;
			baseConfigurationReference = 59FA70B66400EDEFFA300FDE /* Pods-Journal.release.xcconfig */;
			buildSettings = {
				ASSETCATALOG_COMPILER_APPICON_NAME = AppIcon;
				CODE_SIGN_STYLE = Automatic;
				DEVELOPMENT_TEAM = "";
				INFOPLIST_FILE = "$(SRCROOT)/Journal/Resources/Info.plist";
				LD_RUNPATH_SEARCH_PATHS = (
					"$(inherited)",
					"@executable_path/Frameworks",
				);
				PRODUCT_BUNDLE_IDENTIFIER = jinseo.yoon.Journal;
				PRODUCT_NAME = "$(TARGET_NAME)";
				SWIFT_VERSION = 4.0;
				TARGETED_DEVICE_FAMILY = "1,2";
			};
			name = Release;
		};
/* End XCBuildConfiguration section */

/* Begin XCConfigurationList section */
		6910B239210C57D700135457 /* Build configuration list for PBXNativeTarget "JournalTests" */ = {
			isa = XCConfigurationList;
			buildConfigurations = (
				6910B237210C57D700135457 /* Debug */,
				6910B238210C57D700135457 /* Release */,
			);
			defaultConfigurationIsVisible = 0;
			defaultConfigurationName = Release;
		};
		69E215A32102F1730075C96E /* Build configuration list for PBXProject "Journal" */ = {
			isa = XCConfigurationList;
			buildConfigurations = (
				69E215B82102F1740075C96E /* Debug */,
				69E215B92102F1740075C96E /* Release */,
			);
			defaultConfigurationIsVisible = 0;
			defaultConfigurationName = Release;
		};
		69E215BA2102F1740075C96E /* Build configuration list for PBXNativeTarget "Journal" */ = {
			isa = XCConfigurationList;
			buildConfigurations = (
				69E215BB2102F1740075C96E /* Debug */,
				69E215BC2102F1740075C96E /* Release */,
			);
			defaultConfigurationIsVisible = 0;
			defaultConfigurationName = Release;
		};
/* End XCConfigurationList section */
	};
	rootObject = 69E215A02102F1730075C96E /* Project object */;
}
